
Microsoft Visual Studio Solution File, Format Version 12.00
# Visual Studio Version 17
VisualStudioVersion = 17.2.32630.192
MinimumVisualStudioVersion = 10.0.40219.1
Project("{9A19103F-16F7-4668-BE54-9A1E7A4F7556}") = "projektApi", "projektApi\projektApi.csproj", "{AD7FC93C-E463-41D3-BE13-B1F55EE4E1AE}"
EndProject
Project("{2150E333-8FDC-42A3-9474-1A3956D46DE8}") = "Presentation", "Presentation", "{850CA771-9A69-45B3-8D89-C437B996F2A0}"
EndProject
Project("{2150E333-8FDC-42A3-9474-1A3956D46DE8}") = "Infrastructure", "Infrastructure", "{33C0C22B-5248-4E2E-BFA7-DA005305B05F}"
EndProject
Project("{2150E333-8FDC-42A3-9474-1A3956D46DE8}") = "Core", "Core", "{B56FCD92-7552-48AE-944A-BF1908AD73C2}"
EndProject
Project("{9A19103F-16F7-4668-BE54-9A1E7A4F7556}") = "projektApi.Application", "projektApi.Application\projektApi.Application.csproj", "{74EC8CB4-01F8-4976-A983-E11363ED6D00}"
EndProject
Project("{9A19103F-16F7-4668-BE54-9A1E7A4F7556}") = "projektApi.Domain", "projektApi.Domain\projektApi.Domain.csproj", "{AA7F18FA-7A3F-4EEF-B5E9-D2FDB439A8B7}"
EndProject
Project("{9A19103F-16F7-4668-BE54-9A1E7A4F7556}") = "projektApi.Persistance", "projektApi.Persistance\projektApi.Persistance.csproj", "{0B665071-BDFD-4006-B11A-F1FDA380B2CE}"
EndProject
Project("{9A19103F-16F7-4668-BE54-9A1E7A4F7556}") = "projektApi.Infrastructure", "projektApi.Infrastructure\projektApi.Infrastructure.csproj", "{A1A71BD3-4A1E-4C03-9A63-1DFFB27FADA7}"
EndProject
Project("{2150E333-8FDC-42A3-9474-1A3956D46DE8}") = "Tests", "Tests", "{55F44C6B-897E-4E35-94AE-CBF794E84523}"
EndProject
Project("{9A19103F-16F7-4668-BE54-9A1E7A4F7556}") = "Application.UnitTests", "Application.UnitTests\Application.UnitTests.csproj", "{0A78A24F-C9E2-4FF6-9D72-267ABAF9BB68}"
EndProject
Project("{9A19103F-16F7-4668-BE54-9A1E7A4F7556}") = "WebApi.IntegrationTests", "WebApi.IntegrationTests\WebApi.IntegrationTests.csproj", "{6B7570FB-6243-420E-B39A-7DF6AEDCDC92}"
EndProject
Project("{9A19103F-16F7-4668-BE54-9A1E7A4F7556}") = "Groomer.Server", "Groomer\Server\Groomer.Server.csproj", "{BAB9CCF4-8D89-47AC-AD5D-214F70DDB7CE}"
EndProject
Project("{9A19103F-16F7-4668-BE54-9A1E7A4F7556}") = "Groomer.Client", "Groomer\Client\Groomer.Client.csproj", "{1A69A19A-B413-4212-8D8B-C6E7ACE8C7BF}"
EndProject
Project("{9A19103F-16F7-4668-BE54-9A1E7A4F7556}") = "Groomer.Shared", "Groomer\Shared\Groomer.Shared.csproj", "{5E4EBFC4-ADE7-4DC3-83C6-80346B774A51}"
EndProject
Project("{9A19103F-16F7-4668-BE54-9A1E7A4F7556}") = "Dawid.Components", "Dawid.Components\Dawid.Components.csproj", "{89F3C193-EB90-4440-9536-DA7DEE5DFB63}"
EndProject
Global
	GlobalSection(SolutionConfigurationPlatforms) = preSolution
		Debug|Any CPU = Debug|Any CPU
		Release|Any CPU = Release|Any CPU
	EndGlobalSection
	GlobalSection(ProjectConfigurationPlatforms) = postSolution
		{AD7FC93C-E463-41D3-BE13-B1F55EE4E1AE}.Debug|Any CPU.ActiveCfg = Debug|Any CPU
		{AD7FC93C-E463-41D3-BE13-B1F55EE4E1AE}.Debug|Any CPU.Build.0 = Debug|Any CPU
		{AD7FC93C-E463-41D3-BE13-B1F55EE4E1AE}.Release|Any CPU.ActiveCfg = Release|Any CPU
		{AD7FC93C-E463-41D3-BE13-B1F55EE4E1AE}.Release|Any CPU.Build.0 = Release|Any CPU
		{74EC8CB4-01F8-4976-A983-E11363ED6D00}.Debug|Any CPU.ActiveCfg = Debug|Any CPU
		{74EC8CB4-01F8-4976-A983-E11363ED6D00}.Debug|Any CPU.Build.0 = Debug|Any CPU
		{74EC8CB4-01F8-4976-A983-E11363ED6D00}.Release|Any CPU.ActiveCfg = Release|Any CPU
		{74EC8CB4-01F8-4976-A983-E11363ED6D00}.Release|Any CPU.Build.0 = Release|Any CPU
		{AA7F18FA-7A3F-4EEF-B5E9-D2FDB439A8B7}.Debug|Any CPU.ActiveCfg = Debug|Any CPU
		{AA7F18FA-7A3F-4EEF-B5E9-D2FDB439A8B7}.Debug|Any CPU.Build.0 = Debug|Any CPU
		{AA7F18FA-7A3F-4EEF-B5E9-D2FDB439A8B7}.Release|Any CPU.ActiveCfg = Release|Any CPU
		{AA7F18FA-7A3F-4EEF-B5E9-D2FDB439A8B7}.Release|Any CPU.Build.0 = Release|Any CPU
		{0B665071-BDFD-4006-B11A-F1FDA380B2CE}.Debug|Any CPU.ActiveCfg = Debug|Any CPU
		{0B665071-BDFD-4006-B11A-F1FDA380B2CE}.Debug|Any CPU.Build.0 = Debug|Any CPU
		{0B665071-BDFD-4006-B11A-F1FDA380B2CE}.Release|Any CPU.ActiveCfg = Release|Any CPU
		{0B665071-BDFD-4006-B11A-F1FDA380B2CE}.Release|Any CPU.Build.0 = Release|Any CPU
		{A1A71BD3-4A1E-4C03-9A63-1DFFB27FADA7}.Debug|Any CPU.ActiveCfg = Debug|Any CPU
		{A1A71BD3-4A1E-4C03-9A63-1DFFB27FADA7}.Debug|Any CPU.Build.0 = Debug|Any CPU
		{A1A71BD3-4A1E-4C03-9A63-1DFFB27FADA7}.Release|Any CPU.ActiveCfg = Release|Any CPU
		{A1A71BD3-4A1E-4C03-9A63-1DFFB27FADA7}.Release|Any CPU.Build.0 = Release|Any CPU
		{0A78A24F-C9E2-4FF6-9D72-267ABAF9BB68}.Debug|Any CPU.ActiveCfg = Debug|Any CPU
		{0A78A24F-C9E2-4FF6-9D72-267ABAF9BB68}.Debug|Any CPU.Build.0 = Debug|Any CPU
		{0A78A24F-C9E2-4FF6-9D72-267ABAF9BB68}.Release|Any CPU.ActiveCfg = Release|Any CPU
		{0A78A24F-C9E2-4FF6-9D72-267ABAF9BB68}.Release|Any CPU.Build.0 = Release|Any CPU
		{6B7570FB-6243-420E-B39A-7DF6AEDCDC92}.Debug|Any CPU.ActiveCfg = Debug|Any CPU
		{6B7570FB-6243-420E-B39A-7DF6AEDCDC92}.Debug|Any CPU.Build.0 = Debug|Any CPU
		{6B7570FB-6243-420E-B39A-7DF6AEDCDC92}.Release|Any CPU.ActiveCfg = Release|Any CPU
		{6B7570FB-6243-420E-B39A-7DF6AEDCDC92}.Release|Any CPU.Build.0 = Release|Any CPU
		{BAB9CCF4-8D89-47AC-AD5D-214F70DDB7CE}.Debug|Any CPU.ActiveCfg = Debug|Any CPU
		{BAB9CCF4-8D89-47AC-AD5D-214F70DDB7CE}.Debug|Any CPU.Build.0 = Debug|Any CPU
		{BAB9CCF4-8D89-47AC-AD5D-214F70DDB7CE}.Release|Any CPU.ActiveCfg = Release|Any CPU
		{BAB9CCF4-8D89-47AC-AD5D-214F70DDB7CE}.Release|Any CPU.Build.0 = Release|Any CPU
		{1A69A19A-B413-4212-8D8B-C6E7ACE8C7BF}.Debug|Any CPU.ActiveCfg = Debug|Any CPU
		{1A69A19A-B413-4212-8D8B-C6E7ACE8C7BF}.Debug|Any CPU.Build.0 = Debug|Any CPU
		{1A69A19A-B413-4212-8D8B-C6E7ACE8C7BF}.Release|Any CPU.ActiveCfg = Release|Any CPU
		{1A69A19A-B413-4212-8D8B-C6E7ACE8C7BF}.Release|Any CPU.Build.0 = Release|Any CPU
		{5E4EBFC4-ADE7-4DC3-83C6-80346B774A51}.Debug|Any CPU.ActiveCfg = Debug|Any CPU
		{5E4EBFC4-ADE7-4DC3-83C6-80346B774A51}.Debug|Any CPU.Build.0 = Debug|Any CPU
		{5E4EBFC4-ADE7-4DC3-83C6-80346B774A51}.Release|Any CPU.ActiveCfg = Release|Any CPU
		{5E4EBFC4-ADE7-4DC3-83C6-80346B774A51}.Release|Any CPU.Build.0 = Release|Any CPU
		{89F3C193-EB90-4440-9536-DA7DEE5DFB63}.Debug|Any CPU.ActiveCfg = Debug|Any CPU
		{89F3C193-EB90-4440-9536-DA7DEE5DFB63}.Debug|Any CPU.Build.0 = Debug|Any CPU
		{89F3C193-EB90-4440-9536-DA7DEE5DFB63}.Release|Any CPU.ActiveCfg = Release|Any CPU
		{89F3C193-EB90-4440-9536-DA7DEE5DFB63}.Release|Any CPU.Build.0 = Release|Any CPU
	EndGlobalSection
	GlobalSection(SolutionProperties) = preSolution
		HideSolutionNode = FALSE
	EndGlobalSection
	GlobalSection(NestedProjects) = preSolution
		{AD7FC93C-E463-41D3-BE13-B1F55EE4E1AE} = {850CA771-9A69-45B3-8D89-C437B996F2A0}
		{0A78A24F-C9E2-4FF6-9D72-267ABAF9BB68} = {55F44C6B-897E-4E35-94AE-CBF794E84523}
		{BAB9CCF4-8D89-47AC-AD5D-214F70DDB7CE} = {850CA771-9A69-45B3-8D89-C437B996F2A0}
		{1A69A19A-B413-4212-8D8B-C6E7ACE8C7BF} = {850CA771-9A69-45B3-8D89-C437B996F2A0}
		{5E4EBFC4-ADE7-4DC3-83C6-80346B774A51} = {850CA771-9A69-45B3-8D89-C437B996F2A0}
	EndGlobalSection
	GlobalSection(ExtensibilityGlobals) = postSolution
		SolutionGuid = {7500CFF2-B404-4525-BB1B-93AB3933030B}
	EndGlobalSection
EndGlobal
